// !$*UTF8*$!
{
	archiveVersion = 1;
	classes = {
	};
	objectVersion = 50;
	objects = {

/* Begin PBXBuildFile section */
		957B72F520D3830600E546F3 /* AppDelegate.swift in Sources */ = {isa = PBXBuildFile; fileRef = 957B72F420D3830600E546F3 /* AppDelegate.swift */; };
		957B72F720D3830600E546F3 /* art.scnassets in Resources */ = {isa = PBXBuildFile; fileRef = 957B72F620D3830600E546F3 /* art.scnassets */; };
		957B72F920D3830600E546F3 /* ViewController.swift in Sources */ = {isa = PBXBuildFile; fileRef = 957B72F820D3830600E546F3 /* ViewController.swift */; };
		957B72FC20D3830600E546F3 /* Main.storyboard in Resources */ = {isa = PBXBuildFile; fileRef = 957B72FA20D3830600E546F3 /* Main.storyboard */; };
		957B72FE20D3830700E546F3 /* Assets.xcassets in Resources */ = {isa = PBXBuildFile; fileRef = 957B72FD20D3830700E546F3 /* Assets.xcassets */; };
		957B730120D3830700E546F3 /* LaunchScreen.storyboard in Resources */ = {isa = PBXBuildFile; fileRef = 957B72FF20D3830700E546F3 /* LaunchScreen.storyboard */; };
		95EC865C20D393B700D6E1D7 /* ARKit.framework in Frameworks */ = {isa = PBXBuildFile; fileRef = 95EC865B20D393B700D6E1D7 /* ARKit.framework */; };
/* End PBXBuildFile section */

/* Begin PBXFileReference section */
		957B72F120D3830600E546F3 /* ImageTrackingDemo.app */ = {isa = PBXFileReference; explicitFileType = wrapper.application; includeInIndex = 0; path = ImageTrackingDemo.app; sourceTree = BUILT_PRODUCTS_DIR; };
		957B72F420D3830600E546F3 /* AppDelegate.swift */ = {isa = PBXFileReference; lastKnownFileType = sourcecode.swift; path = AppDelegate.swift; sourceTree = "<group>"; };
		957B72F620D3830600E546F3 /* art.scnassets */ = {isa = PBXFileReference; lastKnownFileType = wrapper.scnassets; path = art.scnassets; sourceTree = "<group>"; };
		957B72F820D3830600E546F3 /* ViewController.swift */ = {isa = PBXFileReference; lastKnownFileType = sourcecode.swift; path = ViewController.swift; sourceTree = "<group>"; };
		957B72FB20D3830600E546F3 /* Base */ = {isa = PBXFileReference; lastKnownFileType = file.storyboard; name = Base; path = Base.lproj/Main.storyboard; sourceTree = "<group>"; };
		957B72FD20D3830700E546F3 /* Assets.xcassets */ = {isa = PBXFileReference; lastKnownFileType = folder.assetcatalog; path = Assets.xcassets; sourceTree = "<group>"; };
		957B730020D3830700E546F3 /* Base */ = {isa = PBXFileReference; lastKnownFileType = file.storyboard; name = Base; path = Base.lproj/LaunchScreen.storyboard; sourceTree = "<group>"; };
		957B730220D3830700E546F3 /* Info.plist */ = {isa = PBXFileReference; lastKnownFileType = text.plist.xml; path = Info.plist; sourceTree = "<group>"; };
		95EC865B20D393B700D6E1D7 /* ARKit.framework */ = {isa = PBXFileReference; lastKnownFileType = wrapper.framework; name = ARKit.framework; path = System/Library/Frameworks/ARKit.framework; sourceTree = SDKROOT; };
/* End PBXFileReference section */

/* Begin PBXFrameworksBuildPhase section */
		957B72EE20D3830600E546F3 /* Frameworks */ = {
			isa = PBXFrameworksBuildPhase;
			buildActionMask = 2147483647;
			files = (
				95EC865C20D393B700D6E1D7 /* ARKit.framework in Frameworks */,
			);
			runOnlyForDeploymentPostprocessing = 0;
		};
/* End PBXFrameworksBuildPhase section */

/* Begin PBXGroup section */
		957B72E820D3830600E546F3 = {
			isa = PBXGroup;
			children = (
				957B72F320D3830600E546F3 /* ImageTrackingDemo */,
				957B72F220D3830600E546F3 /* Products */,
				95EC865A20D393B700D6E1D7 /* Frameworks */,
			);
			sourceTree = "<group>";
		};
		957B72F220D3830600E546F3 /* Products */ = {
			isa = PBXGroup;
			children = (
				957B72F120D3830600E546F3 /* ImageTrackingDemo.app */,
			);
			name = Products;
			sourceTree = "<group>";
		};
		957B72F320D3830600E546F3 /* ImageTrackingDemo */ = {
			isa = PBXGroup;
			children = (
				957B72F420D3830600E546F3 /* AppDelegate.swift */,
				957B72F620D3830600E546F3 /* art.scnassets */,
				957B72F820D3830600E546F3 /* ViewController.swift */,
				957B72FA20D3830600E546F3 /* Main.storyboard */,
				957B72FD20D3830700E546F3 /* Assets.xcassets */,
				957B72FF20D3830700E546F3 /* LaunchScreen.storyboard */,
				957B730220D3830700E546F3 /* Info.plist */,
			);
			path = ImageTrackingDemo;
			sourceTree = "<group>";
		};
		95EC865A20D393B700D6E1D7 /* Frameworks */ = {
			isa = PBXGroup;
			children = (
				95EC865B20D393B700D6E1D7 /* ARKit.framework */,
			);
			name = Frameworks;
			sourceTree = "<group>";
		};
/* End PBXGroup section */

/* Begin PBXNativeTarget section */
		957B72F020D3830600E546F3 /* ImageTrackingDemo */ = {
			isa = PBXNativeTarget;
			buildConfigurationList = 957B730520D3830700E546F3 /* Build configuration list for PBXNativeTarget "ImageTrackingDemo" */;
			buildPhases = (
				957B72ED20D3830600E546F3 /* Sources */,
				957B72EE20D3830600E546F3 /* Frameworks */,
				957B72EF20D3830600E546F3 /* Resources */,
			);
			buildRules = (
			);
			dependencies = (
			);
			name = ImageTrackingDemo;
			productName = ImageTrackingDemo;
			productReference = 957B72F120D3830600E546F3 /* ImageTrackingDemo.app */;
			productType = "com.apple.product-type.application";
		};
/* End PBXNativeTarget section */

/* Begin PBXProject section */
		957B72E920D3830600E546F3 /* Project object */ = {
			isa = PBXProject;
			attributes = {
				LastSwiftUpdateCheck = 1000;
				LastUpgradeCheck = 1000;
				ORGANIZATIONNAME = "Ryu Ka";
				TargetAttributes = {
					957B72F020D3830600E546F3 = {
						CreatedOnToolsVersion = 10.0;
					};
				};
			};
			buildConfigurationList = 957B72EC20D3830600E546F3 /* Build configuration list for PBXProject "ImageTrackingDemo" */;
			compatibilityVersion = "Xcode 9.3";
			developmentRegion = en;
			hasScannedForEncodings = 0;
			knownRegions = (
				en,
				Base,
			);
			mainGroup = 957B72E820D3830600E546F3;
			productRefGroup = 957B72F220D3830600E546F3 /* Products */;
			projectDirPath = "";
			projectRoot = "";
			targets = (
				957B72F020D3830600E546F3 /* ImageTrackingDemo */,
			);
		};
/* End PBXProject section */

/* Begin PBXResourcesBuildPhase section */
		957B72EF20D3830600E546F3 /* Resources */ = {
			isa = PBXResourcesBuildPhase;
			buildActionMask = 2147483647;
			files = (
				957B72F720D3830600E546F3 /* art.scnassets in Resources */,
				957B730120D3830700E546F3 /* LaunchScreen.storyboard in Resources */,
				957B72FE20D3830700E546F3 /* Assets.xcassets in Resources */,
				957B72FC20D3830600E546F3 /* Main.storyboard in Resources */,
			);
			runOnlyForDeploymentPostprocessing = 0;
		};
/* End PBXResourcesBuildPhase section */

/* Begin PBXSourcesBuildPhase section */
		957B72ED20D3830600E546F3 /* Sources */ = {
			isa = PBXSourcesBuildPhase;
			buildActionMask = 2147483647;
			files = (
				957B72F920D3830600E546F3 /* ViewController.swift in Sources */,
				957B72F520D3830600E546F3 /* AppDelegate.swift in Sources */,
			);
			runOnlyForDeploymentPostprocessing = 0;
		};
/* End PBXSourcesBuildPhase section */

/* Begin PBXVariantGroup section */
		957B72FA20D3830600E546F3 /* Main.storyboard */ = {
			isa = PBXVariantGroup;
			children = (
				957B72FB20D3830600E546F3 /* Base */,
			);
			name = Main.storyboard;
			sourceTree = "<group>";
		};
		957B72FF20D3830700E546F3 /* LaunchScreen.storyboard */ = {
			isa = PBXVariantGroup;
			children = (
				957B730020D3830700E546F3 /* Base */,
			);
			name = LaunchScreen.storyboard;
			sourceTree = "<group>";
		};
/* End PBXVariantGroup section */

/* Begin XCBuildConfiguration section */
		957B730320D3830700E546F3 /* Debug */ = {
			isa = XCBuildConfiguration;
			buildSettings = {
				ALWAYS_SEARCH_USER_PATHS = NO;
				CLANG_ANALYZER_NONNULL = YES;
				CLANG_ANALYZER_NUMBER_OBJECT_CONVERSION = YES_AGGRESSIVE;
				CLANG_CXX_LANGUAGE_STANDARD = "gnu++14";
				CLANG_CXX_LIBRARY = "libc++";
				CLANG_ENABLE_MODULES = YES;
				CLANG_ENABLE_OBJC_ARC = YES;
				CLANG_ENABLE_OBJC_WEAK = YES;
				CLANG_WARN_BLOCK_CAPTURE_AUTORELEASING = YES;
				CLANG_WARN_BOOL_CONVERSION = YES;
				CLANG_WARN_COMMA = YES;
				CLANG_WARN_CONSTANT_CONVERSION = YES;
				CLANG_WARN_DEPRECATED_OBJC_IMPLEMENTATIONS = YES;
				CLANG_WARN_DIRECT_OBJC_ISA_USAGE = YES_ERROR;
				CLANG_WARN_DOCUMENTATION_COMMENTS = YES;
				CLANG_WARN_EMPTY_BODY = YES;
				CLANG_WARN_ENUM_CONVERSION = YES;
				CLANG_WARN_INFINITE_RECURSION = YES;
				CLANG_WARN_INT_CONVERSION = YES;
				CLANG_WARN_NON_LITERAL_NULL_CONVERSION = YES;
				CLANG_WARN_OBJC_IMPLICIT_RETAIN_SELF = YES;
				CLANG_WARN_OBJC_LITERAL_CONVERSION = YES;
				CLANG_WARN_OBJC_ROOT_CLASS = YES_ERROR;
				CLANG_WARN_RANGE_LOOP_ANALYSIS = YES;
				CLANG_WARN_STRICT_PROTOTYPES = YES;
				CLANG_WARN_SUSPICIOUS_MOVE = YES;
				CLANG_WARN_UNGUARDED_AVAILABILITY = YES_AGGRESSIVE;
				CLANG_WARN_UNREACHABLE_CODE = YES;
				CLANG_WARN__DUPLICATE_METHOD_MATCH = YES;
				CODE_SIGN_IDENTITY = "iPhone Developer";
				COPY_PHASE_STRIP = NO;
				DEBUG_INFORMATION_FORMAT = dwarf;
				ENABLE_STRICT_OBJC_MSGSEND = YES;
				ENABLE_TESTABILITY = YES;
				GCC_C_LANGUAGE_STANDARD = gnu11;
				GCC_DYNAMIC_NO_PIC = NO;
				GCC_NO_COMMON_BLOCKS = YES;
				GCC_OPTIMIZATION_LEVEL = 0;
				GCC_PREPROCESSOR_DEFINITIONS = (
					"DEBUG=1",
					"$(inherited)",
				);
				GCC_WARN_64_TO_32_BIT_CONVERSION = YES;
				GCC_WARN_ABOUT_RETURN_TYPE = YES_ERROR;
				GCC_WARN_UNDECLARED_SELECTOR = YES;
				GCC_WARN_UNINITIALIZED_AUTOS = YES_AGGRESSIVE;
				GCC_WARN_UNUSED_FUNCTION = YES;
				GCC_WARN_UNUSED_VARIABLE = YES;
				IPHONEOS_DEPLOYMENT_TARGET = 12.0;
				MTL_ENABLE_DEBUG_INFO = INCLUDE_SOURCE;
				ONLY_ACTIVE_ARCH = YES;
				SDKROOT = iphoneos;
				SWIFT_ACTIVE_COMPILATION_CONDITIONS = DEBUG;
				SWIFT_OPTIMIZATION_LEVEL = "-Onone";
			};
			name = Debug;
		};
		957B730420D3830700E546F3 /* Release */ = {
			isa = XCBuildConfiguration;
			buildSettings = {
				ALWAYS_SEARCH_USER_PATHS = NO;
				CLANG_ANALYZER_NONNULL = YES;
				CLANG_ANALYZER_NUMBER_OBJECT_CONVERSION = YES_AGGRESSIVE;
				CLANG_CXX_LANGUAGE_STANDARD = "gnu++14";
				CLANG_CXX_LIBRARY = "libc++";
				CLANG_ENABLE_MODULES = YES;
				CLANG_ENABLE_OBJC_ARC = YES;
				CLANG_ENABLE_OBJC_WEAK = YES;
				CLANG_WARN_BLOCK_CAPTURE_AUTORELEASING = YES;
				CLANG_WARN_BOOL_CONVERSION = YES;
				CLANG_WARN_COMMA = YES;
				CLANG_WARN_CONSTANT_CONVERSION = YES;
				CLANG_WARN_DEPRECATED_OBJC_IMPLEMENTATIONS = YES;
				CLANG_WARN_DIRECT_OBJC_ISA_USAGE = YES_ERROR;
				CLANG_WARN_DOCUMENTATION_COMMENTS = YES;
				CLANG_WARN_EMPTY_BODY = YES;
				CLANG_WARN_ENUM_CONVERSION = YES;
				CLANG_WARN_INFINITE_RECURSION = YES;
				CLANG_WARN_INT_CONVERSION = YES;
				CLANG_WARN_NON_LITERAL_NULL_CONVERSION = YES;
				CLANG_WARN_OBJC_IMPLICIT_RETAIN_SELF = YES;
				CLANG_WARN_OBJC_LITERAL_CONVERSION = YES;
				CLANG_WARN_OBJC_ROOT_CLASS = YES_ERROR;
				CLANG_WARN_RANGE_LOOP_ANALYSIS = YES;
				CLANG_WARN_STRICT_PROTOTYPES = YES;
				CLANG_WARN_SUSPICIOUS_MOVE = YES;
				CLANG_WARN_UNGUARDED_AVAILABILITY = YES_AGGRESSIVE;
				CLANG_WARN_UNREACHABLE_CODE = YES;
				CLANG_WARN__DUPLICATE_METHOD_MATCH = YES;
				CODE_SIGN_IDENTITY = "iPhone Developer";
				COPY_PHASE_STRIP = NO;
				DEBUG_INFORMATION_FORMAT = "dwarf-with-dsym";
				ENABLE_NS_ASSERTIONS = NO;
				ENABLE_STRICT_OBJC_MSGSEND = YES;
				GCC_C_LANGUAGE_STANDARD = gnu11;
				GCC_NO_COMMON_BLOCKS = YES;
				GCC_WARN_64_TO_32_BIT_CONVERSION = YES;
				GCC_WARN_ABOUT_RETURN_TYPE = YES_ERROR;
				GCC_WARN_UNDECLARED_SELECTOR = YES;
				GCC_WARN_UNINITIALIZED_AUTOS = YES_AGGRESSIVE;
				GCC_WARN_UNUSED_FUNCTION = YES;
				GCC_WARN_UNUSED_VARIABLE = YES;
				IPHONEOS_DEPLOYMENT_TARGET = 12.0;
				MTL_ENABLE_DEBUG_INFO = NO;
				SDKROOT = iphoneos;
				SWIFT_COMPILATION_MODE = wholemodule;
				SWIFT_OPTIMIZATION_LEVEL = "-O";
				VALIDATE_PRODUCT = YES;
			};
			name = Release;
		};
		957B730620D3830700E546F3 /* Debug */ = {
			isa = XCBuildConfiguration;
			buildSettings = {
				ASSETCATALOG_COMPILER_APPICON_NAME = AppIcon;
				CODE_SIGN_IDENTITY = "iPhone Developer";
				CODE_SIGN_STYLE = Automatic;
				DEVELOPMENT_TEAM = HGVUMAM97L;
				INFOPLIST_FILE = ImageTrackingDemo/Info.plist;
				LD_RUNPATH_SEARCH_PATHS = (
					"$(inherited)",
					"@executable_path/Frameworks",
				);
				"OTHER_CODE_SIGN_FLAGS[sdk=*]" = "";
				PRODUCT_BUNDLE_IDENTIFIER = "com.kane-liu.ImageTrackingDemo";
				PRODUCT_NAME = "$(TARGET_NAME)";
				PROVISIONING_PROFILE = "";
				PROVISIONING_PROFILE_SPECIFIER = "";
				SWIFT_VERSION = 4.2;
				TARGETED_DEVICE_FAMILY = 1;
			};
			name = Debug;
		};
		957B730720D3830700E546F3 /* Release */ = {
			isa = XCBuildConfiguration;
			buildSettings = {
				ASSETCATALOG_COMPILER_APPICON_NAME = AppIcon;
				CODE_SIGN_IDENTITY = "iPhone Developer";
				CODE_SIGN_STYLE = Automatic;
				DEVELOPMENT_TEAM = HGVUMAM97L;
				INFOPLIST_FILE = ImageTrackingDemo/Info.plist;
				LD_RUNPATH_SEARCH_PATHS = (
					"$(inherited)",
					"@executable_path/Frameworks",
				);
				PRODUCT_BUNDLE_IDENTIFIER = "com.kane-liu.ImageTrackingDemo";
				PRODUCT_NAME = "$(TARGET_NAME)";
				PROVISIONING_PROFILE_SPECIFIER = "";
				SWIFT_VERSION = 4.2;
				TARGETED_DEVICE_FAMILY = 1;
			};
			name = Release;
		};
/* End XCBuildConfiguration section */

/* Begin XCConfigurationList section */
		957B72EC20D3830600E546F3 /* Build configuration list for PBXProject "ImageTrackingDemo" */ = {
			isa = XCConfigurationList;
			buildConfigurations = (
				957B730320D3830700E546F3 /* Debug */,
				957B730420D3830700E546F3 /* Release */,
			);
			defaultConfigurationIsVisible = 0;
			defaultConfigurationName = Release;
		};
		957B730520D3830700E546F3 /* Build configuration list for PBXNativeTarget "ImageTrackingDemo" */ = {
			isa = XCConfigurationList;
			buildConfigurations = (
				957B730620D3830700E546F3 /* Debug */,
				957B730720D3830700E546F3 /* Release */,
			);
			defaultConfigurationIsVisible = 0;
			defaultConfigurationName = Release;
		};
/* End XCConfigurationList section */
	};
	rootObject = 957B72E920D3830600E546F3 /* Project object */;
}
